
Microsoft Visual Studio Solution File, Format Version 12.00
# Visual Studio Version 17
VisualStudioVersion = 17.0.31903.59
MinimumVisualStudioVersion = 10.0.40219.1
Project("{9A19103F-16F7-4668-BE54-9A1E7A4F7556}") = "LogisticaHogar.Backend.Api", "src\LogisticaHogar.Backend.Api\LogisticaHogar.Backend.Api.csproj", "{A3C4AF1E-DA5B-429A-9C23-7299AE6523F6}"
EndProject
Project("{2150E333-8FDC-42A3-9474-1A3956D46DE8}") = "src", "src", "{307E69E5-7C31-4267-8A5D-BB65902F3C20}"
EndProject
Project("{9A19103F-16F7-4668-BE54-9A1E7A4F7556}") = "LogisticaHogar.Backend.Services", "src\LogisticaHogar.Backend.Services\LogisticaHogar.Backend.Services.csproj", "{11AE2EFD-B9B9-4E4D-ADD9-BF8CE9B0403A}"
EndProject
Project("{FAE04EC0-301F-11D3-BF4B-00C04F79EFBC}") = "LogisticaHogar.Backend.Model", "src\LogisticaHogar.Backend.Model\LogisticaHogar.Backend.Model.csproj", "{A3D20FA4-268B-4D66-B51D-14AD341E1E37}"
EndProject
Project("{FAE04EC0-301F-11D3-BF4B-00C04F79EFBC}") = "LogisticaHogar.Backend.Data", "src\LogisticaHogar.Backend.Data\LogisticaHogar.Backend.Data.csproj", "{D566419F-B223-4B70-926A-0189321E9BEF}"
EndProject
Global
	GlobalSection(SolutionConfigurationPlatforms) = preSolution
		Debug|Any CPU = Debug|Any CPU
		Release|Any CPU = Release|Any CPU
	EndGlobalSection
	GlobalSection(ProjectConfigurationPlatforms) = postSolution
		{A3C4AF1E-DA5B-429A-9C23-7299AE6523F6}.Debug|Any CPU.ActiveCfg = Debug|Any CPU
		{A3C4AF1E-DA5B-429A-9C23-7299AE6523F6}.Debug|Any CPU.Build.0 = Debug|Any CPU
		{A3C4AF1E-DA5B-429A-9C23-7299AE6523F6}.Release|Any CPU.ActiveCfg = Release|Any CPU
		{A3C4AF1E-DA5B-429A-9C23-7299AE6523F6}.Release|Any CPU.Build.0 = Release|Any CPU
		{11AE2EFD-B9B9-4E4D-ADD9-BF8CE9B0403A}.Debug|Any CPU.ActiveCfg = Debug|Any CPU
		{11AE2EFD-B9B9-4E4D-ADD9-BF8CE9B0403A}.Debug|Any CPU.Build.0 = Debug|Any CPU
		{11AE2EFD-B9B9-4E4D-ADD9-BF8CE9B0403A}.Release|Any CPU.ActiveCfg = Release|Any CPU
		{11AE2EFD-B9B9-4E4D-ADD9-BF8CE9B0403A}.Release|Any CPU.Build.0 = Release|Any CPU
		{A3D20FA4-268B-4D66-B51D-14AD341E1E37}.Debug|Any CPU.ActiveCfg = Debug|Any CPU
		{A3D20FA4-268B-4D66-B51D-14AD341E1E37}.Debug|Any CPU.Build.0 = Debug|Any CPU
		{A3D20FA4-268B-4D66-B51D-14AD341E1E37}.Release|Any CPU.ActiveCfg = Release|Any CPU
		{A3D20FA4-268B-4D66-B51D-14AD341E1E37}.Release|Any CPU.Build.0 = Release|Any CPU
		{D566419F-B223-4B70-926A-0189321E9BEF}.Debug|Any CPU.ActiveCfg = Debug|Any CPU
		{D566419F-B223-4B70-926A-0189321E9BEF}.Debug|Any CPU.Build.0 = Debug|Any CPU
		{D566419F-B223-4B70-926A-0189321E9BEF}.Release|Any CPU.ActiveCfg = Release|Any CPU
		{D566419F-B223-4B70-926A-0189321E9BEF}.Release|Any CPU.Build.0 = Release|Any CPU
	EndGlobalSection
	GlobalSection(SolutionProperties) = preSolution
		HideSolutionNode = FALSE
	EndGlobalSection
	GlobalSection(NestedProjects) = preSolution
		{A3C4AF1E-DA5B-429A-9C23-7299AE6523F6} = {307E69E5-7C31-4267-8A5D-BB65902F3C20}
		{11AE2EFD-B9B9-4E4D-ADD9-BF8CE9B0403A} = {307E69E5-7C31-4267-8A5D-BB65902F3C20}
		{A3D20FA4-268B-4D66-B51D-14AD341E1E37} = {307E69E5-7C31-4267-8A5D-BB65902F3C20}
		{D566419F-B223-4B70-926A-0189321E9BEF} = {307E69E5-7C31-4267-8A5D-BB65902F3C20}
	EndGlobalSection
	GlobalSection(ExtensibilityGlobals) = postSolution
		SolutionGuid = {F0FA1C00-6DDE-4E78-B47F-A87EFE9841FA}
	EndGlobalSection
EndGlobal
